
Microsoft Visual Studio Solution File, Format Version 12.00
# Visual Studio Version 17
VisualStudioVersion = 17.0.31903.59
MinimumVisualStudioVersion = 10.0.40219.1
Project("{2150E333-8FDC-42A3-9474-1A3956D46DE8}") = "src", "src", "{BF15DE06-F470-437C-98CD-F4266A635F5F}"
EndProject
Project("{9A19103F-16F7-4668-BE54-9A1E7A4F7556}") = "LegalKnowledge.Domain", "src\LegalKnowledge.Domain\LegalKnowledge.Domain.csproj", "{EAFE70A9-8968-40EA-8A41-E39D762B49AE}"
EndProject
Project("{9A19103F-16F7-4668-BE54-9A1E7A4F7556}") = "LegalKnowledge.Application", "src\LegalKnowledge.Application\LegalKnowledge.Application.csproj", "{1B385DB7-521D-426E-B9DE-54D961AD0780}"
EndProject
Project("{9A19103F-16F7-4668-BE54-9A1E7A4F7556}") = "LegalKnowledge.Infrastructure", "src\LegalKnowledge.Infrastructure\LegalKnowledge.Infrastructure.csproj", "{7C7B9388-7113-4A46-845E-583A3759EA24}"
EndProject
Project("{9A19103F-16F7-4668-BE54-9A1E7A4F7556}") = "LegalKnowledge.API", "src\LegalKnowledge.API\LegalKnowledge.API.csproj", "{273306AA-7944-4CDA-B9E9-2543387AC065}"
EndProject
Global
	GlobalSection(SolutionConfigurationPlatforms) = preSolution
		Debug|Any CPU = Debug|Any CPU
		Release|Any CPU = Release|Any CPU
	EndGlobalSection
	GlobalSection(ProjectConfigurationPlatforms) = postSolution
		{EAFE70A9-8968-40EA-8A41-E39D762B49AE}.Debug|Any CPU.ActiveCfg = Debug|Any CPU
		{EAFE70A9-8968-40EA-8A41-E39D762B49AE}.Debug|Any CPU.Build.0 = Debug|Any CPU
		{EAFE70A9-8968-40EA-8A41-E39D762B49AE}.Release|Any CPU.ActiveCfg = Release|Any CPU
		{EAFE70A9-8968-40EA-8A41-E39D762B49AE}.Release|Any CPU.Build.0 = Release|Any CPU
		{1B385DB7-521D-426E-B9DE-54D961AD0780}.Debug|Any CPU.ActiveCfg = Debug|Any CPU
		{1B385DB7-521D-426E-B9DE-54D961AD0780}.Debug|Any CPU.Build.0 = Debug|Any CPU
		{1B385DB7-521D-426E-B9DE-54D961AD0780}.Release|Any CPU.ActiveCfg = Release|Any CPU
		{1B385DB7-521D-426E-B9DE-54D961AD0780}.Release|Any CPU.Build.0 = Release|Any CPU
		{7C7B9388-7113-4A46-845E-583A3759EA24}.Debug|Any CPU.ActiveCfg = Debug|Any CPU
		{7C7B9388-7113-4A46-845E-583A3759EA24}.Debug|Any CPU.Build.0 = Debug|Any CPU
		{7C7B9388-7113-4A46-845E-583A3759EA24}.Release|Any CPU.ActiveCfg = Release|Any CPU
		{7C7B9388-7113-4A46-845E-583A3759EA24}.Release|Any CPU.Build.0 = Release|Any CPU
		{273306AA-7944-4CDA-B9E9-2543387AC065}.Debug|Any CPU.ActiveCfg = Debug|Any CPU
		{273306AA-7944-4CDA-B9E9-2543387AC065}.Debug|Any CPU.Build.0 = Debug|Any CPU
		{273306AA-7944-4CDA-B9E9-2543387AC065}.Release|Any CPU.ActiveCfg = Release|Any CPU
		{273306AA-7944-4CDA-B9E9-2543387AC065}.Release|Any CPU.Build.0 = Release|Any CPU
	EndGlobalSection
	GlobalSection(SolutionProperties) = preSolution
		HideSolutionNode = FALSE
	EndGlobalSection
	GlobalSection(NestedProjects) = preSolution
		{EAFE70A9-8968-40EA-8A41-E39D762B49AE} = {BF15DE06-F470-437C-98CD-F4266A635F5F}
		{1B385DB7-521D-426E-B9DE-54D961AD0780} = {BF15DE06-F470-437C-98CD-F4266A635F5F}
		{7C7B9388-7113-4A46-845E-583A3759EA24} = {BF15DE06-F470-437C-98CD-F4266A635F5F}
		{273306AA-7944-4CDA-B9E9-2543387AC065} = {BF15DE06-F470-437C-98CD-F4266A635F5F}
	EndGlobalSection
	GlobalSection(ExtensibilityGlobals) = postSolution
		SolutionGuid = {4FA808C5-A637-477D-B1A1-B3E09F320CDD}
	EndGlobalSection
EndGlobal
